
Microsoft Visual Studio Solution File, Format Version 12.00
# Visual Studio Version 16
VisualStudioVersion = 16.0.30114.105
MinimumVisualStudioVersion = 10.0.40219.1
Project("{8BC9CEB8-8B4A-11D0-8D11-00A0C91BC942}") = "1.create_project_and_output", "AssortRock C++ tutorial.vcxproj", "{C93650AA-0DCD-4661-BBD5-8E47D86FB3AA}"
EndProject
Project("{8BC9CEB8-8B4A-11D0-8D11-00A0C91BC942}") = "2.variable", "..\2.variable\2.variable.vcxproj", "{BC636607-86DC-4280-8572-5102CAC3BD25}"
EndProject
Project("{8BC9CEB8-8B4A-11D0-8D11-00A0C91BC942}") = "3.arithmetical_and_logical_operators", "..\3.arithmetical_and_logical_operations\3.arithmetical_and_logical_operations.vcxproj", "{A0AA68E0-EFA3-4C14-B80C-ABD874709412}"
EndProject
Project("{8BC9CEB8-8B4A-11D0-8D11-00A0C91BC942}") = "4.bit_logical_operator", "..\4.bit_logical_operator\4.bit_logical_operator.vcxproj", "{BDBAB281-5570-4FDB-8AD8-10190B89652E}"
EndProject
Project("{8BC9CEB8-8B4A-11D0-8D11-00A0C91BC942}") = "5.bit_logical_shift_opreators", "..\5.bit_logical_shift_opreators\5.bit_logical_shift_opreators.vcxproj", "{49FB05BE-70C9-4069-8811-458FD16998F2}"
EndProject
Project("{8BC9CEB8-8B4A-11D0-8D11-00A0C91BC942}") = "6.if", "..\6.if\6.if.vcxproj", "{5A81C83D-94CD-492C-8893-3487BDC0B697}"
EndProject
Project("{8BC9CEB8-8B4A-11D0-8D11-00A0C91BC942}") = "6.random_number_probability_if", "..\6.random_number_if\6.random_number_if.vcxproj", "{B9F7B217-E5F8-4D40-9002-02ADD4007E8D}"
EndProject
Global
	GlobalSection(SolutionConfigurationPlatforms) = preSolution
		Debug|x64 = Debug|x64
		Debug|x86 = Debug|x86
		Release|x64 = Release|x64
		Release|x86 = Release|x86
	EndGlobalSection
	GlobalSection(ProjectConfigurationPlatforms) = postSolution
		{C93650AA-0DCD-4661-BBD5-8E47D86FB3AA}.Debug|x64.ActiveCfg = Debug|x64
		{C93650AA-0DCD-4661-BBD5-8E47D86FB3AA}.Debug|x64.Build.0 = Debug|x64
		{C93650AA-0DCD-4661-BBD5-8E47D86FB3AA}.Debug|x86.ActiveCfg = Debug|Win32
		{C93650AA-0DCD-4661-BBD5-8E47D86FB3AA}.Debug|x86.Build.0 = Debug|Win32
		{C93650AA-0DCD-4661-BBD5-8E47D86FB3AA}.Release|x64.ActiveCfg = Release|x64
		{C93650AA-0DCD-4661-BBD5-8E47D86FB3AA}.Release|x64.Build.0 = Release|x64
		{C93650AA-0DCD-4661-BBD5-8E47D86FB3AA}.Release|x86.ActiveCfg = Release|Win32
		{C93650AA-0DCD-4661-BBD5-8E47D86FB3AA}.Release|x86.Build.0 = Release|Win32
		{BC636607-86DC-4280-8572-5102CAC3BD25}.Debug|x64.ActiveCfg = Debug|x64
		{BC636607-86DC-4280-8572-5102CAC3BD25}.Debug|x64.Build.0 = Debug|x64
		{BC636607-86DC-4280-8572-5102CAC3BD25}.Debug|x86.ActiveCfg = Debug|Win32
		{BC636607-86DC-4280-8572-5102CAC3BD25}.Debug|x86.Build.0 = Debug|Win32
		{BC636607-86DC-4280-8572-5102CAC3BD25}.Release|x64.ActiveCfg = Release|x64
		{BC636607-86DC-4280-8572-5102CAC3BD25}.Release|x64.Build.0 = Release|x64
		{BC636607-86DC-4280-8572-5102CAC3BD25}.Release|x86.ActiveCfg = Release|Win32
		{BC636607-86DC-4280-8572-5102CAC3BD25}.Release|x86.Build.0 = Release|Win32
		{A0AA68E0-EFA3-4C14-B80C-ABD874709412}.Debug|x64.ActiveCfg = Debug|x64
		{A0AA68E0-EFA3-4C14-B80C-ABD874709412}.Debug|x64.Build.0 = Debug|x64
		{A0AA68E0-EFA3-4C14-B80C-ABD874709412}.Debug|x86.ActiveCfg = Debug|Win32
		{A0AA68E0-EFA3-4C14-B80C-ABD874709412}.Debug|x86.Build.0 = Debug|Win32
		{A0AA68E0-EFA3-4C14-B80C-ABD874709412}.Release|x64.ActiveCfg = Release|x64
		{A0AA68E0-EFA3-4C14-B80C-ABD874709412}.Release|x64.Build.0 = Release|x64
		{A0AA68E0-EFA3-4C14-B80C-ABD874709412}.Release|x86.ActiveCfg = Release|Win32
		{A0AA68E0-EFA3-4C14-B80C-ABD874709412}.Release|x86.Build.0 = Release|Win32
		{BDBAB281-5570-4FDB-8AD8-10190B89652E}.Debug|x64.ActiveCfg = Debug|x64
		{BDBAB281-5570-4FDB-8AD8-10190B89652E}.Debug|x64.Build.0 = Debug|x64
		{BDBAB281-5570-4FDB-8AD8-10190B89652E}.Debug|x86.ActiveCfg = Debug|Win32
		{BDBAB281-5570-4FDB-8AD8-10190B89652E}.Debug|x86.Build.0 = Debug|Win32
		{BDBAB281-5570-4FDB-8AD8-10190B89652E}.Release|x64.ActiveCfg = Release|x64
		{BDBAB281-5570-4FDB-8AD8-10190B89652E}.Release|x64.Build.0 = Release|x64
		{BDBAB281-5570-4FDB-8AD8-10190B89652E}.Release|x86.ActiveCfg = Release|Win32
		{BDBAB281-5570-4FDB-8AD8-10190B89652E}.Release|x86.Build.0 = Release|Win32
		{49FB05BE-70C9-4069-8811-458FD16998F2}.Debug|x64.ActiveCfg = Debug|x64
		{49FB05BE-70C9-4069-8811-458FD16998F2}.Debug|x64.Build.0 = Debug|x64
		{49FB05BE-70C9-4069-8811-458FD16998F2}.Debug|x86.ActiveCfg = Debug|Win32
		{49FB05BE-70C9-4069-8811-458FD16998F2}.Debug|x86.Build.0 = Debug|Win32
		{49FB05BE-70C9-4069-8811-458FD16998F2}.Release|x64.ActiveCfg = Release|x64
		{49FB05BE-70C9-4069-8811-458FD16998F2}.Release|x64.Build.0 = Release|x64
		{49FB05BE-70C9-4069-8811-458FD16998F2}.Release|x86.ActiveCfg = Release|Win32
		{49FB05BE-70C9-4069-8811-458FD16998F2}.Release|x86.Build.0 = Release|Win32
		{5A81C83D-94CD-492C-8893-3487BDC0B697}.Debug|x64.ActiveCfg = Debug|x64
		{5A81C83D-94CD-492C-8893-3487BDC0B697}.Debug|x64.Build.0 = Debug|x64
		{5A81C83D-94CD-492C-8893-3487BDC0B697}.Debug|x86.ActiveCfg = Debug|Win32
		{5A81C83D-94CD-492C-8893-3487BDC0B697}.Debug|x86.Build.0 = Debug|Win32
		{5A81C83D-94CD-492C-8893-3487BDC0B697}.Release|x64.ActiveCfg = Release|x64
		{5A81C83D-94CD-492C-8893-3487BDC0B697}.Release|x64.Build.0 = Release|x64
		{5A81C83D-94CD-492C-8893-3487BDC0B697}.Release|x86.ActiveCfg = Release|Win32
		{5A81C83D-94CD-492C-8893-3487BDC0B697}.Release|x86.Build.0 = Release|Win32
		{B9F7B217-E5F8-4D40-9002-02ADD4007E8D}.Debug|x64.ActiveCfg = Debug|x64
		{B9F7B217-E5F8-4D40-9002-02ADD4007E8D}.Debug|x64.Build.0 = Debug|x64
		{B9F7B217-E5F8-4D40-9002-02ADD4007E8D}.Debug|x86.ActiveCfg = Debug|Win32
		{B9F7B217-E5F8-4D40-9002-02ADD4007E8D}.Debug|x86.Build.0 = Debug|Win32
		{B9F7B217-E5F8-4D40-9002-02ADD4007E8D}.Release|x64.ActiveCfg = Release|x64
		{B9F7B217-E5F8-4D40-9002-02ADD4007E8D}.Release|x64.Build.0 = Release|x64
		{B9F7B217-E5F8-4D40-9002-02ADD4007E8D}.Release|x86.ActiveCfg = Release|Win32
		{B9F7B217-E5F8-4D40-9002-02ADD4007E8D}.Release|x86.Build.0 = Release|Win32
	EndGlobalSection
	GlobalSection(SolutionProperties) = preSolution
		HideSolutionNode = FALSE
	EndGlobalSection
	GlobalSection(ExtensibilityGlobals) = postSolution
		SolutionGuid = {66BBF4BF-70B2-4DB0-9432-0A2FF7564A38}
	EndGlobalSection
EndGlobal
